{
  "name": "claude-sessions-cli",
  "version": "0.1.2",
  "lockfileVersion": 3,
  "requires": true,
  "packages": {
    "": {
      "name": "claude-sessions-cli",
      "version": "0.1.2",
      "license": "MIT",
      "bin": {
        "csm": "bin/csm.js"
      },
      "engines": {
        "node": ">=18"
      }
    }
  }
}
